
Microsoft Visual Studio Solution File, Format Version 12.00
# Visual Studio Version 17
VisualStudioVersion = 17.11.35222.181
MinimumVisualStudioVersion = 10.0.40219.1
Project("{2150E333-8FDC-42A3-9474-1A3956D46DE8}") = "week2", "week2", "{49E1FE0E-35CF-436E-82AB-557508A4A964}"
EndProject
Project("{9A19103F-16F7-4668-BE54-9A1E7A4F7556}") = "demo", "demo\demo.csproj", "{B8C4B704-21DE-4F52-A4BB-7B5EAB99E3F6}"
EndProject
Project("{2150E333-8FDC-42A3-9474-1A3956D46DE8}") = "week1", "week1", "{D59547C1-72B1-49DC-A361-46B603C545D7}"
EndProject
Project("{9A19103F-16F7-4668-BE54-9A1E7A4F7556}") = "Opdracht2-1", "Opdracht2-1\Opdracht2-1.csproj", "{3E053B8F-5ACB-4DF7-B6B9-8661A80999B3}"
EndProject
Project("{9A19103F-16F7-4668-BE54-9A1E7A4F7556}") = "Opdracht 2.2", "Opdracht 2.1\Opdracht 2.2.csproj", "{EBC7C4A1-6C0B-4F98-B23D-D5019EAC1A06}"
EndProject
Project("{9A19103F-16F7-4668-BE54-9A1E7A4F7556}") = "Opdracht 2-3", "Opdracht 2-3\Opdracht 2-3.csproj", "{1D945632-371F-48C4-BC46-A757EE522CDA}"
EndProject
Project("{9A19103F-16F7-4668-BE54-9A1E7A4F7556}") = "Opdracht 2-4", "Opdracht 2-4\Opdracht 2-4.csproj", "{5B275290-C071-4EAE-A8E9-276E2D70F043}"
EndProject
Project("{9A19103F-16F7-4668-BE54-9A1E7A4F7556}") = "Opdracht 2-5", "Opdracht 2-5\Opdracht 2-5.csproj", "{454DE18A-DD31-41E4-8CCC-80B6310AFF14}"
EndProject
Project("{9A19103F-16F7-4668-BE54-9A1E7A4F7556}") = "Opdracht 2-6", "Opdracht 2-6\Opdracht 2-6.csproj", "{BE0462C0-3C0E-452A-B860-3667A383BFDC}"
EndProject
Project("{9A19103F-16F7-4668-BE54-9A1E7A4F7556}") = "Opdracht 2-7", "Opdracht 2-7\Opdracht 2-7.csproj", "{B29ED8B9-D909-4F39-B115-8A0CAD7D7191}"
EndProject
Project("{2150E333-8FDC-42A3-9474-1A3956D46DE8}") = "week4", "week4", "{FEEAA1B6-B471-4EC8-A85F-F2CADA5C2696}"
EndProject
Project("{2150E333-8FDC-42A3-9474-1A3956D46DE8}") = "week3", "week3", "{86BFDDF2-3252-41B7-B2C8-3C4A12A8CE4E}"
EndProject
Project("{9A19103F-16F7-4668-BE54-9A1E7A4F7556}") = "Opdracht 3-1", "Opdracht 3-1\Opdracht 3-1.csproj", "{F61384E0-B29C-44BE-87DC-61A1A3D8FA75}"
EndProject
Project("{9A19103F-16F7-4668-BE54-9A1E7A4F7556}") = "Opdracht 4-1", "Opdracht 4-1\Opdracht 4-1.csproj", "{5F7AB28C-7ADC-482D-8029-84D77FD4E325}"
EndProject
Project("{9A19103F-16F7-4668-BE54-9A1E7A4F7556}") = "4.4", "4.4\4.4.csproj", "{2428487D-490A-4694-B89A-93C2F79A8D6A}"
EndProject
Project("{9A19103F-16F7-4668-BE54-9A1E7A4F7556}") = "4-5", "4-5\4-5.csproj", "{EA090445-54D9-4834-AAE3-F62AD2BC9598}"
EndProject
Project("{9A19103F-16F7-4668-BE54-9A1E7A4F7556}") = "4-7", "4-7\4-7.csproj", "{2658D66E-62D1-4870-8AFF-569CCE666F6C}"
EndProject
Project("{9A19103F-16F7-4668-BE54-9A1E7A4F7556}") = "4-8", "4-8\4-8.csproj", "{59614D90-2A66-410B-9F22-ABD9F9B7B88F}"
EndProject
Project("{2150E333-8FDC-42A3-9474-1A3956D46DE8}") = "week5", "week5", "{0BB30A9A-8FC9-4E6B-8421-67B2F411F7B2}"
EndProject
Project("{FAE04EC0-301F-11D3-BF4B-00C04F79EFBC}") = "opdracht5-1", "opdracht1\opdracht5-1.csproj", "{ACD8ED70-3387-4269-AF88-D82F758057D2}"
EndProject
Project("{FAE04EC0-301F-11D3-BF4B-00C04F79EFBC}") = "Opdracht 5-2", "Opdracht 5-2\Opdracht 5-2.csproj", "{63B20947-6CF8-4DEE-8B06-7B429BB70576}"
EndProject
Project("{FAE04EC0-301F-11D3-BF4B-00C04F79EFBC}") = "Opdracht 5-3", "Opdracht 5-3\Opdracht 5-3.csproj", "{7FB104D3-7EC9-4BC4-9CE9-5B5BE43DD39A}"
EndProject
Project("{FAE04EC0-301F-11D3-BF4B-00C04F79EFBC}") = "Opdracht 5-4", "Opdracht 5-4\Opdracht 5-4.csproj", "{3D77EB93-2D4E-4018-B6CA-D5D05EBBAAC0}"
EndProject
Project("{FAE04EC0-301F-11D3-BF4B-00C04F79EFBC}") = "Opdracht 5-5", "Opdracht 5-5\Opdracht 5-5.csproj", "{E3065CAC-F386-4EEC-9053-0CACF5327BF2}"
EndProject
Project("{FAE04EC0-301F-11D3-BF4B-00C04F79EFBC}") = "Opdracht 5-6", "Opdracht 5-6\Opdracht 5-6.csproj", "{9BA69B28-14EB-4716-A1C3-6E6AFC34465B}"
EndProject
Global
	GlobalSection(SolutionConfigurationPlatforms) = preSolution
		Debug|Any CPU = Debug|Any CPU
		Release|Any CPU = Release|Any CPU
	EndGlobalSection
	GlobalSection(ProjectConfigurationPlatforms) = postSolution
		{B8C4B704-21DE-4F52-A4BB-7B5EAB99E3F6}.Debug|Any CPU.ActiveCfg = Debug|Any CPU
		{B8C4B704-21DE-4F52-A4BB-7B5EAB99E3F6}.Debug|Any CPU.Build.0 = Debug|Any CPU
		{B8C4B704-21DE-4F52-A4BB-7B5EAB99E3F6}.Release|Any CPU.ActiveCfg = Release|Any CPU
		{B8C4B704-21DE-4F52-A4BB-7B5EAB99E3F6}.Release|Any CPU.Build.0 = Release|Any CPU
		{3E053B8F-5ACB-4DF7-B6B9-8661A80999B3}.Debug|Any CPU.ActiveCfg = Debug|Any CPU
		{3E053B8F-5ACB-4DF7-B6B9-8661A80999B3}.Debug|Any CPU.Build.0 = Debug|Any CPU
		{3E053B8F-5ACB-4DF7-B6B9-8661A80999B3}.Release|Any CPU.ActiveCfg = Release|Any CPU
		{3E053B8F-5ACB-4DF7-B6B9-8661A80999B3}.Release|Any CPU.Build.0 = Release|Any CPU
		{EBC7C4A1-6C0B-4F98-B23D-D5019EAC1A06}.Debug|Any CPU.ActiveCfg = Debug|Any CPU
		{EBC7C4A1-6C0B-4F98-B23D-D5019EAC1A06}.Debug|Any CPU.Build.0 = Debug|Any CPU
		{EBC7C4A1-6C0B-4F98-B23D-D5019EAC1A06}.Release|Any CPU.ActiveCfg = Release|Any CPU
		{EBC7C4A1-6C0B-4F98-B23D-D5019EAC1A06}.Release|Any CPU.Build.0 = Release|Any CPU
		{1D945632-371F-48C4-BC46-A757EE522CDA}.Debug|Any CPU.ActiveCfg = Debug|Any CPU
		{1D945632-371F-48C4-BC46-A757EE522CDA}.Debug|Any CPU.Build.0 = Debug|Any CPU
		{1D945632-371F-48C4-BC46-A757EE522CDA}.Release|Any CPU.ActiveCfg = Release|Any CPU
		{1D945632-371F-48C4-BC46-A757EE522CDA}.Release|Any CPU.Build.0 = Release|Any CPU
		{5B275290-C071-4EAE-A8E9-276E2D70F043}.Debug|Any CPU.ActiveCfg = Debug|Any CPU
		{5B275290-C071-4EAE-A8E9-276E2D70F043}.Debug|Any CPU.Build.0 = Debug|Any CPU
		{5B275290-C071-4EAE-A8E9-276E2D70F043}.Release|Any CPU.ActiveCfg = Release|Any CPU
		{5B275290-C071-4EAE-A8E9-276E2D70F043}.Release|Any CPU.Build.0 = Release|Any CPU
		{454DE18A-DD31-41E4-8CCC-80B6310AFF14}.Debug|Any CPU.ActiveCfg = Debug|Any CPU
		{454DE18A-DD31-41E4-8CCC-80B6310AFF14}.Debug|Any CPU.Build.0 = Debug|Any CPU
		{454DE18A-DD31-41E4-8CCC-80B6310AFF14}.Release|Any CPU.ActiveCfg = Release|Any CPU
		{454DE18A-DD31-41E4-8CCC-80B6310AFF14}.Release|Any CPU.Build.0 = Release|Any CPU
		{BE0462C0-3C0E-452A-B860-3667A383BFDC}.Debug|Any CPU.ActiveCfg = Debug|Any CPU
		{BE0462C0-3C0E-452A-B860-3667A383BFDC}.Debug|Any CPU.Build.0 = Debug|Any CPU
		{BE0462C0-3C0E-452A-B860-3667A383BFDC}.Release|Any CPU.ActiveCfg = Release|Any CPU
		{BE0462C0-3C0E-452A-B860-3667A383BFDC}.Release|Any CPU.Build.0 = Release|Any CPU
		{B29ED8B9-D909-4F39-B115-8A0CAD7D7191}.Debug|Any CPU.ActiveCfg = Debug|Any CPU
		{B29ED8B9-D909-4F39-B115-8A0CAD7D7191}.Debug|Any CPU.Build.0 = Debug|Any CPU
		{B29ED8B9-D909-4F39-B115-8A0CAD7D7191}.Release|Any CPU.ActiveCfg = Release|Any CPU
		{B29ED8B9-D909-4F39-B115-8A0CAD7D7191}.Release|Any CPU.Build.0 = Release|Any CPU
		{F61384E0-B29C-44BE-87DC-61A1A3D8FA75}.Debug|Any CPU.ActiveCfg = Debug|Any CPU
		{F61384E0-B29C-44BE-87DC-61A1A3D8FA75}.Debug|Any CPU.Build.0 = Debug|Any CPU
		{F61384E0-B29C-44BE-87DC-61A1A3D8FA75}.Release|Any CPU.ActiveCfg = Release|Any CPU
		{F61384E0-B29C-44BE-87DC-61A1A3D8FA75}.Release|Any CPU.Build.0 = Release|Any CPU
		{5F7AB28C-7ADC-482D-8029-84D77FD4E325}.Debug|Any CPU.ActiveCfg = Debug|Any CPU
		{5F7AB28C-7ADC-482D-8029-84D77FD4E325}.Debug|Any CPU.Build.0 = Debug|Any CPU
		{5F7AB28C-7ADC-482D-8029-84D77FD4E325}.Release|Any CPU.ActiveCfg = Release|Any CPU
		{5F7AB28C-7ADC-482D-8029-84D77FD4E325}.Release|Any CPU.Build.0 = Release|Any CPU
		{2428487D-490A-4694-B89A-93C2F79A8D6A}.Debug|Any CPU.ActiveCfg = Debug|Any CPU
		{2428487D-490A-4694-B89A-93C2F79A8D6A}.Debug|Any CPU.Build.0 = Debug|Any CPU
		{2428487D-490A-4694-B89A-93C2F79A8D6A}.Release|Any CPU.ActiveCfg = Release|Any CPU
		{2428487D-490A-4694-B89A-93C2F79A8D6A}.Release|Any CPU.Build.0 = Release|Any CPU
		{EA090445-54D9-4834-AAE3-F62AD2BC9598}.Debug|Any CPU.ActiveCfg = Debug|Any CPU
		{EA090445-54D9-4834-AAE3-F62AD2BC9598}.Debug|Any CPU.Build.0 = Debug|Any CPU
		{EA090445-54D9-4834-AAE3-F62AD2BC9598}.Release|Any CPU.ActiveCfg = Release|Any CPU
		{EA090445-54D9-4834-AAE3-F62AD2BC9598}.Release|Any CPU.Build.0 = Release|Any CPU
		{2658D66E-62D1-4870-8AFF-569CCE666F6C}.Debug|Any CPU.ActiveCfg = Debug|Any CPU
		{2658D66E-62D1-4870-8AFF-569CCE666F6C}.Debug|Any CPU.Build.0 = Debug|Any CPU
		{2658D66E-62D1-4870-8AFF-569CCE666F6C}.Release|Any CPU.ActiveCfg = Release|Any CPU
		{2658D66E-62D1-4870-8AFF-569CCE666F6C}.Release|Any CPU.Build.0 = Release|Any CPU
		{59614D90-2A66-410B-9F22-ABD9F9B7B88F}.Debug|Any CPU.ActiveCfg = Debug|Any CPU
		{59614D90-2A66-410B-9F22-ABD9F9B7B88F}.Debug|Any CPU.Build.0 = Debug|Any CPU
		{59614D90-2A66-410B-9F22-ABD9F9B7B88F}.Release|Any CPU.ActiveCfg = Release|Any CPU
		{59614D90-2A66-410B-9F22-ABD9F9B7B88F}.Release|Any CPU.Build.0 = Release|Any CPU
		{ACD8ED70-3387-4269-AF88-D82F758057D2}.Debug|Any CPU.ActiveCfg = Debug|Any CPU
		{ACD8ED70-3387-4269-AF88-D82F758057D2}.Debug|Any CPU.Build.0 = Debug|Any CPU
		{ACD8ED70-3387-4269-AF88-D82F758057D2}.Release|Any CPU.ActiveCfg = Release|Any CPU
		{ACD8ED70-3387-4269-AF88-D82F758057D2}.Release|Any CPU.Build.0 = Release|Any CPU
		{63B20947-6CF8-4DEE-8B06-7B429BB70576}.Debug|Any CPU.ActiveCfg = Debug|Any CPU
		{63B20947-6CF8-4DEE-8B06-7B429BB70576}.Debug|Any CPU.Build.0 = Debug|Any CPU
		{63B20947-6CF8-4DEE-8B06-7B429BB70576}.Release|Any CPU.ActiveCfg = Release|Any CPU
		{63B20947-6CF8-4DEE-8B06-7B429BB70576}.Release|Any CPU.Build.0 = Release|Any CPU
		{7FB104D3-7EC9-4BC4-9CE9-5B5BE43DD39A}.Debug|Any CPU.ActiveCfg = Debug|Any CPU
		{7FB104D3-7EC9-4BC4-9CE9-5B5BE43DD39A}.Debug|Any CPU.Build.0 = Debug|Any CPU
		{7FB104D3-7EC9-4BC4-9CE9-5B5BE43DD39A}.Release|Any CPU.ActiveCfg = Release|Any CPU
		{7FB104D3-7EC9-4BC4-9CE9-5B5BE43DD39A}.Release|Any CPU.Build.0 = Release|Any CPU
		{3D77EB93-2D4E-4018-B6CA-D5D05EBBAAC0}.Debug|Any CPU.ActiveCfg = Debug|Any CPU
		{3D77EB93-2D4E-4018-B6CA-D5D05EBBAAC0}.Debug|Any CPU.Build.0 = Debug|Any CPU
		{3D77EB93-2D4E-4018-B6CA-D5D05EBBAAC0}.Release|Any CPU.ActiveCfg = Release|Any CPU
		{3D77EB93-2D4E-4018-B6CA-D5D05EBBAAC0}.Release|Any CPU.Build.0 = Release|Any CPU
		{E3065CAC-F386-4EEC-9053-0CACF5327BF2}.Debug|Any CPU.ActiveCfg = Debug|Any CPU
		{E3065CAC-F386-4EEC-9053-0CACF5327BF2}.Debug|Any CPU.Build.0 = Debug|Any CPU
		{E3065CAC-F386-4EEC-9053-0CACF5327BF2}.Release|Any CPU.ActiveCfg = Release|Any CPU
		{E3065CAC-F386-4EEC-9053-0CACF5327BF2}.Release|Any CPU.Build.0 = Release|Any CPU
		{9BA69B28-14EB-4716-A1C3-6E6AFC34465B}.Debug|Any CPU.ActiveCfg = Debug|Any CPU
		{9BA69B28-14EB-4716-A1C3-6E6AFC34465B}.Debug|Any CPU.Build.0 = Debug|Any CPU
		{9BA69B28-14EB-4716-A1C3-6E6AFC34465B}.Release|Any CPU.ActiveCfg = Release|Any CPU
		{9BA69B28-14EB-4716-A1C3-6E6AFC34465B}.Release|Any CPU.Build.0 = Release|Any CPU
	EndGlobalSection
	GlobalSection(SolutionProperties) = preSolution
		HideSolutionNode = FALSE
	EndGlobalSection
	GlobalSection(NestedProjects) = preSolution
		{B8C4B704-21DE-4F52-A4BB-7B5EAB99E3F6} = {49E1FE0E-35CF-436E-82AB-557508A4A964}
		{3E053B8F-5ACB-4DF7-B6B9-8661A80999B3} = {49E1FE0E-35CF-436E-82AB-557508A4A964}
		{EBC7C4A1-6C0B-4F98-B23D-D5019EAC1A06} = {49E1FE0E-35CF-436E-82AB-557508A4A964}
		{1D945632-371F-48C4-BC46-A757EE522CDA} = {49E1FE0E-35CF-436E-82AB-557508A4A964}
		{5B275290-C071-4EAE-A8E9-276E2D70F043} = {49E1FE0E-35CF-436E-82AB-557508A4A964}
		{454DE18A-DD31-41E4-8CCC-80B6310AFF14} = {49E1FE0E-35CF-436E-82AB-557508A4A964}
		{BE0462C0-3C0E-452A-B860-3667A383BFDC} = {49E1FE0E-35CF-436E-82AB-557508A4A964}
		{B29ED8B9-D909-4F39-B115-8A0CAD7D7191} = {49E1FE0E-35CF-436E-82AB-557508A4A964}
		{F61384E0-B29C-44BE-87DC-61A1A3D8FA75} = {86BFDDF2-3252-41B7-B2C8-3C4A12A8CE4E}
		{5F7AB28C-7ADC-482D-8029-84D77FD4E325} = {FEEAA1B6-B471-4EC8-A85F-F2CADA5C2696}
		{2428487D-490A-4694-B89A-93C2F79A8D6A} = {FEEAA1B6-B471-4EC8-A85F-F2CADA5C2696}
		{EA090445-54D9-4834-AAE3-F62AD2BC9598} = {FEEAA1B6-B471-4EC8-A85F-F2CADA5C2696}
		{2658D66E-62D1-4870-8AFF-569CCE666F6C} = {FEEAA1B6-B471-4EC8-A85F-F2CADA5C2696}
		{59614D90-2A66-410B-9F22-ABD9F9B7B88F} = {FEEAA1B6-B471-4EC8-A85F-F2CADA5C2696}
		{ACD8ED70-3387-4269-AF88-D82F758057D2} = {0BB30A9A-8FC9-4E6B-8421-67B2F411F7B2}
		{63B20947-6CF8-4DEE-8B06-7B429BB70576} = {0BB30A9A-8FC9-4E6B-8421-67B2F411F7B2}
		{7FB104D3-7EC9-4BC4-9CE9-5B5BE43DD39A} = {0BB30A9A-8FC9-4E6B-8421-67B2F411F7B2}
		{3D77EB93-2D4E-4018-B6CA-D5D05EBBAAC0} = {0BB30A9A-8FC9-4E6B-8421-67B2F411F7B2}
		{E3065CAC-F386-4EEC-9053-0CACF5327BF2} = {0BB30A9A-8FC9-4E6B-8421-67B2F411F7B2}
		{9BA69B28-14EB-4716-A1C3-6E6AFC34465B} = {0BB30A9A-8FC9-4E6B-8421-67B2F411F7B2}
	EndGlobalSection
	GlobalSection(ExtensibilityGlobals) = postSolution
		SolutionGuid = {8636A9A0-0BBA-4F37-8FDA-71CAA0CCE67C}
	EndGlobalSection
EndGlobal
